
Microsoft Visual Studio Solution File, Format Version 12.00
# Visual Studio 15
VisualStudioVersion = 15.0.26228.9
MinimumVisualStudioVersion = 10.0.40219.1
Project("{FAE04EC0-301F-11D3-BF4B-00C04F79EFBC}") = "NovelDownloader.Core", "NovelDownloader.Core\NovelDownloader.Core.csproj", "{1EC7CCCB-835F-4B70-8DAE-CCB984C8683F}"
EndProject
Project("{2150E333-8FDC-42A3-9474-1A3956D46DE8}") = "plugin", "plugin", "{C515F1AA-706A-450F-BA6C-59E66A140759}"
EndProject
Project("{FAE04EC0-301F-11D3-BF4B-00C04F79EFBC}") = "NovelDownloader.Plugin.Core", "NovelDownloader.Plugin.Core\NovelDownloader.Plugin.Core.csproj", "{5327B531-D3DB-491B-927B-8E337FF20A70}"
EndProject
Project("{FAE04EC0-301F-11D3-BF4B-00C04F79EFBC}") = "luoqiu.com", "plugin\luoqiu.com\luoqiu.com.csproj", "{DB5E8EC3-E366-41BD-AF27-64FF39B868D2}"
EndProject
Project("{2150E333-8FDC-42A3-9474-1A3956D46DE8}") = "example", "example", "{6C4E0DC4-05D8-4958-9E86-04AF5E069B95}"
EndProject
Project("{FAE04EC0-301F-11D3-BF4B-00C04F79EFBC}") = "ExampleNovelDownloader", "example\ExampleNovelDownloader\ExampleNovelDownloader.csproj", "{3C427119-B4E5-4D4B-A3E7-FDF1E8324D25}"
EndProject
Project("{2150E333-8FDC-42A3-9474-1A3956D46DE8}") = "tool", "tool", "{7C67518D-21A1-4679-906E-C10F090E6D40}"
EndProject
Project("{FAE04EC0-301F-11D3-BF4B-00C04F79EFBC}") = "OnlineNovelDownloaderPluginCreater", "tool\OnlineNovelDownloaderPluginCreater\OnlineNovelDownloaderPluginCreater.csproj", "{ECD44060-A66B-4224-BB98-41C6241C3B93}"
EndProject
Project("{FAE04EC0-301F-11D3-BF4B-00C04F79EFBC}") = "81zw.com", "plugin\81zw.com\81zw.com.csproj", "{398A3955-6256-461A-A643-DCC0D525F2E5}"
EndProject
Project("{FAE04EC0-301F-11D3-BF4B-00C04F79EFBC}") = "顶点小说", "plugin\顶点小说\顶点小说.csproj", "{EFB4C31C-A3B4-43C3-B3AD-1468E6D3D517}"
EndProject
Project("{FAE04EC0-301F-11D3-BF4B-00C04F79EFBC}") = "wenku8.com", "plugin\wenku8.com\wenku8.com.csproj", "{72F73F4B-CD5B-49A1-AF46-3425D41FF453}"
EndProject
Project("{FAE04EC0-301F-11D3-BF4B-00C04F79EFBC}") = "qidian.com", "plugin\qidian.com\qidian.com.csproj", "{E17592FA-587D-4276-8076-37F831489E36}"
EndProject
Project("{2150E333-8FDC-42A3-9474-1A3956D46DE8}") = "test", "test", "{6DFAC412-00F3-4C1D-84A7-DFBBB81D8BC2}"
EndProject
Project("{2150E333-8FDC-42A3-9474-1A3956D46DE8}") = "DotNet-Win32PluginInteractionTest", "DotNet-Win32PluginInteractionTest", "{9A973773-FF53-42E3-B8B1-49B1D607AF69}"
EndProject
Project("{FAE04EC0-301F-11D3-BF4B-00C04F79EFBC}") = "DotNetPluginManager", "test\DotNew-Win32PluginInteractionTest\DotNetPluginManager\DotNetPluginManager.csproj", "{94A3A4CB-C1EA-49AD-AA82-27419A4E8F38}"
	ProjectSection(ProjectDependencies) = postProject
		{012B5C13-1EF4-412B-BBEC-9BA360135B0E} = {012B5C13-1EF4-412B-BBEC-9BA360135B0E}
	EndProjectSection
EndProject
Project("{8BC9CEB8-8B4A-11D0-8D11-00A0C91BC942}") = "Win32Plugin", "test\DotNew-Win32PluginInteractionTest\Win32Plugin\Win32Plugin.vcxproj", "{012B5C13-1EF4-412B-BBEC-9BA360135B0E}"
EndProject
Project("{8BC9CEB8-8B4A-11D0-8D11-00A0C91BC942}") = "NovelDownloader.Plugin.Core.Win32", "NovelDownloader.Plugin.Core.Win32\NovelDownloader.Plugin.Core.Win32.vcxproj", "{6DB50611-6540-454D-AF2C-FA98466722FA}"
EndProject
Project("{8BC9CEB8-8B4A-11D0-8D11-00A0C91BC942}") = "ExampleWin32Plugin", "plugin\ExampleWin32Plugin\ExampleWin32Plugin.vcxproj", "{69B3F586-F349-42E1-9CF9-11D2807434D1}"
EndProject
Project("{FAE04EC0-301F-11D3-BF4B-00C04F79EFBC}") = "ShowPlugins", "example\ShowPlugins\ShowPlugins.csproj", "{FB7CC620-7BF2-4AE4-ACFC-EFF0F5554472}"
	ProjectSection(ProjectDependencies) = postProject
		{69B3F586-F349-42E1-9CF9-11D2807434D1} = {69B3F586-F349-42E1-9CF9-11D2807434D1}
	EndProjectSection
EndProject
Global
	GlobalSection(SolutionConfigurationPlatforms) = preSolution
		Debug|Any CPU = Debug|Any CPU
		Debug|x64 = Debug|x64
		Debug|x86 = Debug|x86
		Release|Any CPU = Release|Any CPU
		Release|x64 = Release|x64
		Release|x86 = Release|x86
	EndGlobalSection
	GlobalSection(ProjectConfigurationPlatforms) = postSolution
		{1EC7CCCB-835F-4B70-8DAE-CCB984C8683F}.Debug|Any CPU.ActiveCfg = Debug|Any CPU
		{1EC7CCCB-835F-4B70-8DAE-CCB984C8683F}.Debug|Any CPU.Build.0 = Debug|Any CPU
		{1EC7CCCB-835F-4B70-8DAE-CCB984C8683F}.Debug|x64.ActiveCfg = Debug|Any CPU
		{1EC7CCCB-835F-4B70-8DAE-CCB984C8683F}.Debug|x64.Build.0 = Debug|Any CPU
		{1EC7CCCB-835F-4B70-8DAE-CCB984C8683F}.Debug|x86.ActiveCfg = Debug|Any CPU
		{1EC7CCCB-835F-4B70-8DAE-CCB984C8683F}.Debug|x86.Build.0 = Debug|Any CPU
		{1EC7CCCB-835F-4B70-8DAE-CCB984C8683F}.Release|Any CPU.ActiveCfg = Release|Any CPU
		{1EC7CCCB-835F-4B70-8DAE-CCB984C8683F}.Release|Any CPU.Build.0 = Release|Any CPU
		{1EC7CCCB-835F-4B70-8DAE-CCB984C8683F}.Release|x64.ActiveCfg = Release|Any CPU
		{1EC7CCCB-835F-4B70-8DAE-CCB984C8683F}.Release|x64.Build.0 = Release|Any CPU
		{1EC7CCCB-835F-4B70-8DAE-CCB984C8683F}.Release|x86.ActiveCfg = Release|Any CPU
		{1EC7CCCB-835F-4B70-8DAE-CCB984C8683F}.Release|x86.Build.0 = Release|Any CPU
		{5327B531-D3DB-491B-927B-8E337FF20A70}.Debug|Any CPU.ActiveCfg = Debug|Any CPU
		{5327B531-D3DB-491B-927B-8E337FF20A70}.Debug|Any CPU.Build.0 = Debug|Any CPU
		{5327B531-D3DB-491B-927B-8E337FF20A70}.Debug|x64.ActiveCfg = Debug|Any CPU
		{5327B531-D3DB-491B-927B-8E337FF20A70}.Debug|x64.Build.0 = Debug|Any CPU
		{5327B531-D3DB-491B-927B-8E337FF20A70}.Debug|x86.ActiveCfg = Debug|Any CPU
		{5327B531-D3DB-491B-927B-8E337FF20A70}.Debug|x86.Build.0 = Debug|Any CPU
		{5327B531-D3DB-491B-927B-8E337FF20A70}.Release|Any CPU.ActiveCfg = Release|Any CPU
		{5327B531-D3DB-491B-927B-8E337FF20A70}.Release|Any CPU.Build.0 = Release|Any CPU
		{5327B531-D3DB-491B-927B-8E337FF20A70}.Release|x64.ActiveCfg = Release|Any CPU
		{5327B531-D3DB-491B-927B-8E337FF20A70}.Release|x64.Build.0 = Release|Any CPU
		{5327B531-D3DB-491B-927B-8E337FF20A70}.Release|x86.ActiveCfg = Release|Any CPU
		{5327B531-D3DB-491B-927B-8E337FF20A70}.Release|x86.Build.0 = Release|Any CPU
		{DB5E8EC3-E366-41BD-AF27-64FF39B868D2}.Debug|Any CPU.ActiveCfg = Debug|Any CPU
		{DB5E8EC3-E366-41BD-AF27-64FF39B868D2}.Debug|Any CPU.Build.0 = Debug|Any CPU
		{DB5E8EC3-E366-41BD-AF27-64FF39B868D2}.Debug|x64.ActiveCfg = Debug|Any CPU
		{DB5E8EC3-E366-41BD-AF27-64FF39B868D2}.Debug|x64.Build.0 = Debug|Any CPU
		{DB5E8EC3-E366-41BD-AF27-64FF39B868D2}.Debug|x86.ActiveCfg = Debug|Any CPU
		{DB5E8EC3-E366-41BD-AF27-64FF39B868D2}.Debug|x86.Build.0 = Debug|Any CPU
		{DB5E8EC3-E366-41BD-AF27-64FF39B868D2}.Release|Any CPU.ActiveCfg = Release|Any CPU
		{DB5E8EC3-E366-41BD-AF27-64FF39B868D2}.Release|Any CPU.Build.0 = Release|Any CPU
		{DB5E8EC3-E366-41BD-AF27-64FF39B868D2}.Release|x64.ActiveCfg = Release|Any CPU
		{DB5E8EC3-E366-41BD-AF27-64FF39B868D2}.Release|x64.Build.0 = Release|Any CPU
		{DB5E8EC3-E366-41BD-AF27-64FF39B868D2}.Release|x86.ActiveCfg = Release|Any CPU
		{DB5E8EC3-E366-41BD-AF27-64FF39B868D2}.Release|x86.Build.0 = Release|Any CPU
		{3C427119-B4E5-4D4B-A3E7-FDF1E8324D25}.Debug|Any CPU.ActiveCfg = Debug|Any CPU
		{3C427119-B4E5-4D4B-A3E7-FDF1E8324D25}.Debug|Any CPU.Build.0 = Debug|Any CPU
		{3C427119-B4E5-4D4B-A3E7-FDF1E8324D25}.Debug|x64.ActiveCfg = Debug|Any CPU
		{3C427119-B4E5-4D4B-A3E7-FDF1E8324D25}.Debug|x64.Build.0 = Debug|Any CPU
		{3C427119-B4E5-4D4B-A3E7-FDF1E8324D25}.Debug|x86.ActiveCfg = Debug|Any CPU
		{3C427119-B4E5-4D4B-A3E7-FDF1E8324D25}.Debug|x86.Build.0 = Debug|Any CPU
		{3C427119-B4E5-4D4B-A3E7-FDF1E8324D25}.Release|Any CPU.ActiveCfg = Release|Any CPU
		{3C427119-B4E5-4D4B-A3E7-FDF1E8324D25}.Release|Any CPU.Build.0 = Release|Any CPU
		{3C427119-B4E5-4D4B-A3E7-FDF1E8324D25}.Release|x64.ActiveCfg = Release|Any CPU
		{3C427119-B4E5-4D4B-A3E7-FDF1E8324D25}.Release|x64.Build.0 = Release|Any CPU
		{3C427119-B4E5-4D4B-A3E7-FDF1E8324D25}.Release|x86.ActiveCfg = Release|Any CPU
		{3C427119-B4E5-4D4B-A3E7-FDF1E8324D25}.Release|x86.Build.0 = Release|Any CPU
		{ECD44060-A66B-4224-BB98-41C6241C3B93}.Debug|Any CPU.ActiveCfg = Debug|Any CPU
		{ECD44060-A66B-4224-BB98-41C6241C3B93}.Debug|Any CPU.Build.0 = Debug|Any CPU
		{ECD44060-A66B-4224-BB98-41C6241C3B93}.Debug|x64.ActiveCfg = Debug|Any CPU
		{ECD44060-A66B-4224-BB98-41C6241C3B93}.Debug|x64.Build.0 = Debug|Any CPU
		{ECD44060-A66B-4224-BB98-41C6241C3B93}.Debug|x86.ActiveCfg = Debug|Any CPU
		{ECD44060-A66B-4224-BB98-41C6241C3B93}.Debug|x86.Build.0 = Debug|Any CPU
		{ECD44060-A66B-4224-BB98-41C6241C3B93}.Release|Any CPU.ActiveCfg = Release|Any CPU
		{ECD44060-A66B-4224-BB98-41C6241C3B93}.Release|Any CPU.Build.0 = Release|Any CPU
		{ECD44060-A66B-4224-BB98-41C6241C3B93}.Release|x64.ActiveCfg = Release|Any CPU
		{ECD44060-A66B-4224-BB98-41C6241C3B93}.Release|x64.Build.0 = Release|Any CPU
		{ECD44060-A66B-4224-BB98-41C6241C3B93}.Release|x86.ActiveCfg = Release|Any CPU
		{ECD44060-A66B-4224-BB98-41C6241C3B93}.Release|x86.Build.0 = Release|Any CPU
		{398A3955-6256-461A-A643-DCC0D525F2E5}.Debug|Any CPU.ActiveCfg = Debug|Any CPU
		{398A3955-6256-461A-A643-DCC0D525F2E5}.Debug|Any CPU.Build.0 = Debug|Any CPU
		{398A3955-6256-461A-A643-DCC0D525F2E5}.Debug|x64.ActiveCfg = Debug|Any CPU
		{398A3955-6256-461A-A643-DCC0D525F2E5}.Debug|x64.Build.0 = Debug|Any CPU
		{398A3955-6256-461A-A643-DCC0D525F2E5}.Debug|x86.ActiveCfg = Debug|Any CPU
		{398A3955-6256-461A-A643-DCC0D525F2E5}.Debug|x86.Build.0 = Debug|Any CPU
		{398A3955-6256-461A-A643-DCC0D525F2E5}.Release|Any CPU.ActiveCfg = Release|Any CPU
		{398A3955-6256-461A-A643-DCC0D525F2E5}.Release|Any CPU.Build.0 = Release|Any CPU
		{398A3955-6256-461A-A643-DCC0D525F2E5}.Release|x64.ActiveCfg = Release|Any CPU
		{398A3955-6256-461A-A643-DCC0D525F2E5}.Release|x64.Build.0 = Release|Any CPU
		{398A3955-6256-461A-A643-DCC0D525F2E5}.Release|x86.ActiveCfg = Release|Any CPU
		{398A3955-6256-461A-A643-DCC0D525F2E5}.Release|x86.Build.0 = Release|Any CPU
		{EFB4C31C-A3B4-43C3-B3AD-1468E6D3D517}.Debug|Any CPU.ActiveCfg = Debug|Any CPU
		{EFB4C31C-A3B4-43C3-B3AD-1468E6D3D517}.Debug|Any CPU.Build.0 = Debug|Any CPU
		{EFB4C31C-A3B4-43C3-B3AD-1468E6D3D517}.Debug|x64.ActiveCfg = Debug|Any CPU
		{EFB4C31C-A3B4-43C3-B3AD-1468E6D3D517}.Debug|x64.Build.0 = Debug|Any CPU
		{EFB4C31C-A3B4-43C3-B3AD-1468E6D3D517}.Debug|x86.ActiveCfg = Debug|Any CPU
		{EFB4C31C-A3B4-43C3-B3AD-1468E6D3D517}.Debug|x86.Build.0 = Debug|Any CPU
		{EFB4C31C-A3B4-43C3-B3AD-1468E6D3D517}.Release|Any CPU.ActiveCfg = Release|Any CPU
		{EFB4C31C-A3B4-43C3-B3AD-1468E6D3D517}.Release|Any CPU.Build.0 = Release|Any CPU
		{EFB4C31C-A3B4-43C3-B3AD-1468E6D3D517}.Release|x64.ActiveCfg = Release|Any CPU
		{EFB4C31C-A3B4-43C3-B3AD-1468E6D3D517}.Release|x64.Build.0 = Release|Any CPU
		{EFB4C31C-A3B4-43C3-B3AD-1468E6D3D517}.Release|x86.ActiveCfg = Release|Any CPU
		{EFB4C31C-A3B4-43C3-B3AD-1468E6D3D517}.Release|x86.Build.0 = Release|Any CPU
		{72F73F4B-CD5B-49A1-AF46-3425D41FF453}.Debug|Any CPU.ActiveCfg = Debug|Any CPU
		{72F73F4B-CD5B-49A1-AF46-3425D41FF453}.Debug|Any CPU.Build.0 = Debug|Any CPU
		{72F73F4B-CD5B-49A1-AF46-3425D41FF453}.Debug|x64.ActiveCfg = Debug|Any CPU
		{72F73F4B-CD5B-49A1-AF46-3425D41FF453}.Debug|x64.Build.0 = Debug|Any CPU
		{72F73F4B-CD5B-49A1-AF46-3425D41FF453}.Debug|x86.ActiveCfg = Debug|Any CPU
		{72F73F4B-CD5B-49A1-AF46-3425D41FF453}.Debug|x86.Build.0 = Debug|Any CPU
		{72F73F4B-CD5B-49A1-AF46-3425D41FF453}.Release|Any CPU.ActiveCfg = Release|Any CPU
		{72F73F4B-CD5B-49A1-AF46-3425D41FF453}.Release|Any CPU.Build.0 = Release|Any CPU
		{72F73F4B-CD5B-49A1-AF46-3425D41FF453}.Release|x64.ActiveCfg = Release|Any CPU
		{72F73F4B-CD5B-49A1-AF46-3425D41FF453}.Release|x64.Build.0 = Release|Any CPU
		{72F73F4B-CD5B-49A1-AF46-3425D41FF453}.Release|x86.ActiveCfg = Release|Any CPU
		{72F73F4B-CD5B-49A1-AF46-3425D41FF453}.Release|x86.Build.0 = Release|Any CPU
		{E17592FA-587D-4276-8076-37F831489E36}.Debug|Any CPU.ActiveCfg = Debug|Any CPU
		{E17592FA-587D-4276-8076-37F831489E36}.Debug|Any CPU.Build.0 = Debug|Any CPU
		{E17592FA-587D-4276-8076-37F831489E36}.Debug|x64.ActiveCfg = Debug|Any CPU
		{E17592FA-587D-4276-8076-37F831489E36}.Debug|x64.Build.0 = Debug|Any CPU
		{E17592FA-587D-4276-8076-37F831489E36}.Debug|x86.ActiveCfg = Debug|Any CPU
		{E17592FA-587D-4276-8076-37F831489E36}.Debug|x86.Build.0 = Debug|Any CPU
		{E17592FA-587D-4276-8076-37F831489E36}.Release|Any CPU.ActiveCfg = Release|Any CPU
		{E17592FA-587D-4276-8076-37F831489E36}.Release|Any CPU.Build.0 = Release|Any CPU
		{E17592FA-587D-4276-8076-37F831489E36}.Release|x64.ActiveCfg = Release|Any CPU
		{E17592FA-587D-4276-8076-37F831489E36}.Release|x64.Build.0 = Release|Any CPU
		{E17592FA-587D-4276-8076-37F831489E36}.Release|x86.ActiveCfg = Release|Any CPU
		{E17592FA-587D-4276-8076-37F831489E36}.Release|x86.Build.0 = Release|Any CPU
		{94A3A4CB-C1EA-49AD-AA82-27419A4E8F38}.Debug|Any CPU.ActiveCfg = Debug|Any CPU
		{94A3A4CB-C1EA-49AD-AA82-27419A4E8F38}.Debug|Any CPU.Build.0 = Debug|Any CPU
		{94A3A4CB-C1EA-49AD-AA82-27419A4E8F38}.Debug|x64.ActiveCfg = Debug|Any CPU
		{94A3A4CB-C1EA-49AD-AA82-27419A4E8F38}.Debug|x64.Build.0 = Debug|Any CPU
		{94A3A4CB-C1EA-49AD-AA82-27419A4E8F38}.Debug|x86.ActiveCfg = Debug|Any CPU
		{94A3A4CB-C1EA-49AD-AA82-27419A4E8F38}.Debug|x86.Build.0 = Debug|Any CPU
		{94A3A4CB-C1EA-49AD-AA82-27419A4E8F38}.Release|Any CPU.ActiveCfg = Release|Any CPU
		{94A3A4CB-C1EA-49AD-AA82-27419A4E8F38}.Release|Any CPU.Build.0 = Release|Any CPU
		{94A3A4CB-C1EA-49AD-AA82-27419A4E8F38}.Release|x64.ActiveCfg = Release|Any CPU
		{94A3A4CB-C1EA-49AD-AA82-27419A4E8F38}.Release|x64.Build.0 = Release|Any CPU
		{94A3A4CB-C1EA-49AD-AA82-27419A4E8F38}.Release|x86.ActiveCfg = Release|Any CPU
		{94A3A4CB-C1EA-49AD-AA82-27419A4E8F38}.Release|x86.Build.0 = Release|Any CPU
		{012B5C13-1EF4-412B-BBEC-9BA360135B0E}.Debug|Any CPU.ActiveCfg = Debug|Win32
		{012B5C13-1EF4-412B-BBEC-9BA360135B0E}.Debug|Any CPU.Build.0 = Debug|Win32
		{012B5C13-1EF4-412B-BBEC-9BA360135B0E}.Debug|x64.ActiveCfg = Debug|x64
		{012B5C13-1EF4-412B-BBEC-9BA360135B0E}.Debug|x64.Build.0 = Debug|x64
		{012B5C13-1EF4-412B-BBEC-9BA360135B0E}.Debug|x86.ActiveCfg = Debug|Win32
		{012B5C13-1EF4-412B-BBEC-9BA360135B0E}.Debug|x86.Build.0 = Debug|Win32
		{012B5C13-1EF4-412B-BBEC-9BA360135B0E}.Release|Any CPU.ActiveCfg = Release|Win32
		{012B5C13-1EF4-412B-BBEC-9BA360135B0E}.Release|Any CPU.Build.0 = Release|Win32
		{012B5C13-1EF4-412B-BBEC-9BA360135B0E}.Release|x64.ActiveCfg = Release|x64
		{012B5C13-1EF4-412B-BBEC-9BA360135B0E}.Release|x64.Build.0 = Release|x64
		{012B5C13-1EF4-412B-BBEC-9BA360135B0E}.Release|x86.ActiveCfg = Release|Win32
		{012B5C13-1EF4-412B-BBEC-9BA360135B0E}.Release|x86.Build.0 = Release|Win32
		{6DB50611-6540-454D-AF2C-FA98466722FA}.Debug|Any CPU.ActiveCfg = Debug|Win32
		{6DB50611-6540-454D-AF2C-FA98466722FA}.Debug|Any CPU.Build.0 = Debug|Win32
		{6DB50611-6540-454D-AF2C-FA98466722FA}.Debug|x64.ActiveCfg = Debug|x64
		{6DB50611-6540-454D-AF2C-FA98466722FA}.Debug|x64.Build.0 = Debug|x64
		{6DB50611-6540-454D-AF2C-FA98466722FA}.Debug|x86.ActiveCfg = Debug|Win32
		{6DB50611-6540-454D-AF2C-FA98466722FA}.Debug|x86.Build.0 = Debug|Win32
		{6DB50611-6540-454D-AF2C-FA98466722FA}.Release|Any CPU.ActiveCfg = Release|Win32
		{6DB50611-6540-454D-AF2C-FA98466722FA}.Release|Any CPU.Build.0 = Release|Win32
		{6DB50611-6540-454D-AF2C-FA98466722FA}.Release|x64.ActiveCfg = Release|x64
		{6DB50611-6540-454D-AF2C-FA98466722FA}.Release|x64.Build.0 = Release|x64
		{6DB50611-6540-454D-AF2C-FA98466722FA}.Release|x86.ActiveCfg = Release|Win32
		{6DB50611-6540-454D-AF2C-FA98466722FA}.Release|x86.Build.0 = Release|Win32
		{69B3F586-F349-42E1-9CF9-11D2807434D1}.Debug|Any CPU.ActiveCfg = Debug|Win32
		{69B3F586-F349-42E1-9CF9-11D2807434D1}.Debug|Any CPU.Build.0 = Debug|Win32
		{69B3F586-F349-42E1-9CF9-11D2807434D1}.Debug|x64.ActiveCfg = Debug|x64
		{69B3F586-F349-42E1-9CF9-11D2807434D1}.Debug|x64.Build.0 = Debug|x64
		{69B3F586-F349-42E1-9CF9-11D2807434D1}.Debug|x86.ActiveCfg = Debug|Win32
		{69B3F586-F349-42E1-9CF9-11D2807434D1}.Debug|x86.Build.0 = Debug|Win32
		{69B3F586-F349-42E1-9CF9-11D2807434D1}.Release|Any CPU.ActiveCfg = Release|Win32
		{69B3F586-F349-42E1-9CF9-11D2807434D1}.Release|Any CPU.Build.0 = Release|Win32
		{69B3F586-F349-42E1-9CF9-11D2807434D1}.Release|x64.ActiveCfg = Release|x64
		{69B3F586-F349-42E1-9CF9-11D2807434D1}.Release|x64.Build.0 = Release|x64
		{69B3F586-F349-42E1-9CF9-11D2807434D1}.Release|x86.ActiveCfg = Release|Win32
		{69B3F586-F349-42E1-9CF9-11D2807434D1}.Release|x86.Build.0 = Release|Win32
		{FB7CC620-7BF2-4AE4-ACFC-EFF0F5554472}.Debug|Any CPU.ActiveCfg = Debug|Any CPU
		{FB7CC620-7BF2-4AE4-ACFC-EFF0F5554472}.Debug|Any CPU.Build.0 = Debug|Any CPU
		{FB7CC620-7BF2-4AE4-ACFC-EFF0F5554472}.Debug|x64.ActiveCfg = Debug|Any CPU
		{FB7CC620-7BF2-4AE4-ACFC-EFF0F5554472}.Debug|x64.Build.0 = Debug|Any CPU
		{FB7CC620-7BF2-4AE4-ACFC-EFF0F5554472}.Debug|x86.ActiveCfg = Debug|Any CPU
		{FB7CC620-7BF2-4AE4-ACFC-EFF0F5554472}.Debug|x86.Build.0 = Debug|Any CPU
		{FB7CC620-7BF2-4AE4-ACFC-EFF0F5554472}.Release|Any CPU.ActiveCfg = Release|Any CPU
		{FB7CC620-7BF2-4AE4-ACFC-EFF0F5554472}.Release|Any CPU.Build.0 = Release|Any CPU
		{FB7CC620-7BF2-4AE4-ACFC-EFF0F5554472}.Release|x64.ActiveCfg = Release|Any CPU
		{FB7CC620-7BF2-4AE4-ACFC-EFF0F5554472}.Release|x64.Build.0 = Release|Any CPU
		{FB7CC620-7BF2-4AE4-ACFC-EFF0F5554472}.Release|x86.ActiveCfg = Release|Any CPU
		{FB7CC620-7BF2-4AE4-ACFC-EFF0F5554472}.Release|x86.Build.0 = Release|Any CPU
	EndGlobalSection
	GlobalSection(SolutionProperties) = preSolution
		HideSolutionNode = FALSE
	EndGlobalSection
	GlobalSection(NestedProjects) = preSolution
		{DB5E8EC3-E366-41BD-AF27-64FF39B868D2} = {C515F1AA-706A-450F-BA6C-59E66A140759}
		{3C427119-B4E5-4D4B-A3E7-FDF1E8324D25} = {6C4E0DC4-05D8-4958-9E86-04AF5E069B95}
		{ECD44060-A66B-4224-BB98-41C6241C3B93} = {7C67518D-21A1-4679-906E-C10F090E6D40}
		{398A3955-6256-461A-A643-DCC0D525F2E5} = {C515F1AA-706A-450F-BA6C-59E66A140759}
		{EFB4C31C-A3B4-43C3-B3AD-1468E6D3D517} = {C515F1AA-706A-450F-BA6C-59E66A140759}
		{72F73F4B-CD5B-49A1-AF46-3425D41FF453} = {C515F1AA-706A-450F-BA6C-59E66A140759}
		{E17592FA-587D-4276-8076-37F831489E36} = {C515F1AA-706A-450F-BA6C-59E66A140759}
		{9A973773-FF53-42E3-B8B1-49B1D607AF69} = {6DFAC412-00F3-4C1D-84A7-DFBBB81D8BC2}
		{94A3A4CB-C1EA-49AD-AA82-27419A4E8F38} = {9A973773-FF53-42E3-B8B1-49B1D607AF69}
		{012B5C13-1EF4-412B-BBEC-9BA360135B0E} = {9A973773-FF53-42E3-B8B1-49B1D607AF69}
		{69B3F586-F349-42E1-9CF9-11D2807434D1} = {6C4E0DC4-05D8-4958-9E86-04AF5E069B95}
		{FB7CC620-7BF2-4AE4-ACFC-EFF0F5554472} = {6C4E0DC4-05D8-4958-9E86-04AF5E069B95}
	EndGlobalSection
EndGlobal
